
Microsoft Visual Studio Solution File, Format Version 12.00
# Visual Studio Version 17
VisualStudioVersion = 17.5.33502.453
MinimumVisualStudioVersion = 10.0.40219.1
Project("{8BC9CEB8-8B4A-11D0-8D11-00A0C91BC942}") = "ActivityStructure_119", "ActivityStructure_119\ActivityStructure_119.vcxproj", "{C44A89DD-07C7-4299-AFA2-3AC73DDC1692}"
EndProject
Global
	GlobalSection(SolutionConfigurationPlatforms) = preSolution
		Debug|x64 = Debug|x64
		Debug|x86 = Debug|x86
		Release|x64 = Release|x64
		Release|x86 = Release|x86
	EndGlobalSection
	GlobalSection(ProjectConfigurationPlatforms) = postSolution
		{C44A89DD-07C7-4299-AFA2-3AC73DDC1692}.Debug|x64.ActiveCfg = Debug|x64
		{C44A89DD-07C7-4299-AFA2-3AC73DDC1692}.Debug|x64.Build.0 = Debug|x64
		{C44A89DD-07C7-4299-AFA2-3AC73DDC1692}.Debug|x86.ActiveCfg = Debug|Win32
		{C44A89DD-07C7-4299-AFA2-3AC73DDC1692}.Debug|x86.Build.0 = Debug|Win32
		{C44A89DD-07C7-4299-AFA2-3AC73DDC1692}.Release|x64.ActiveCfg = Release|x64
		{C44A89DD-07C7-4299-AFA2-3AC73DDC1692}.Release|x64.Build.0 = Release|x64
		{C44A89DD-07C7-4299-AFA2-3AC73DDC1692}.Release|x86.ActiveCfg = Release|Win32
		{C44A89DD-07C7-4299-AFA2-3AC73DDC1692}.Release|x86.Build.0 = Release|Win32
	EndGlobalSection
	GlobalSection(SolutionProperties) = preSolution
		HideSolutionNode = FALSE
	EndGlobalSection
	GlobalSection(ExtensibilityGlobals) = postSolution
		SolutionGuid = {D8D9976A-1986-4F9D-A50F-C64B82892AB7}
	EndGlobalSection
EndGlobal
